{
  "name": "opencluely-managed-server",
  "version": "1.0.0",
  "lockfileVersion": 3,
  "requires": true,
  "packages": {
    "": {
      "name": "opencluely-managed-server",
      "version": "1.0.0",
      "dependencies": {
        "jose": "^6.1.0",
        "screen-reader-util": "file:.."
      },
      "engines": {
        "node": ">=22.14.0"
      }
    },
    "..": {
      "name": "screen-reader-util",
      "version": "1.0.0",
      "hasInstallScript": true,
      "license": "MIT",
      "dependencies": {
        "@fortawesome/fontawesome-free": "^7.2.0",
        "@google/genai": "^2.9.0",
        "dotenv": "^16.3.1",
        "markdown": "^0.5.0",
        "marked": "^15.0.12",
        "microsoft-cognitiveservices-speech-sdk": "^1.40.0",
        "node-record-lpcm16": "^1.0.1",
        "prismjs": "^1.30.0",
        "winston": "^3.17.0",
        "winston-daily-rotate-file": "^4.7.1"
      },
      "devDependencies": {
        "electron": "^44.4.4",
        "electron-builder": "26.15.3",
        "js-yaml": "4.3.2"
      }
    },
    "node_modules/jose": {
      "version": "6.2.12",
      "resolved": "https://registry.npmjs.org/jose/-/jose-6.2.12.tgz",
      "integrity": "sha512-9NiFmJEex0sy2Dk58j2UGBSHgUs2ypF9eZSu4L6vjOX3Dp96Sw1F3uL+H+D1sx02jZZdzUT0HgvCy59CuvXcWw==",
      "license": "MIT",
      "funding": {
        "url": "https://github.com/sponsors/panva"
      }
    },
    "node_modules/screen-reader-util": {
      "resolved": "..",
      "link": true
    }
  }
}
